
Microsoft Visual Studio Solution File, Format Version 12.00
# Visual Studio Version 17
VisualStudioVersion = 17.6.33815.320
MinimumVisualStudioVersion = 10.0.40219.1
Project("{FAE04EC0-301F-11D3-BF4B-00C04F79EFBC}") = "HHPIZZA-BACKEND", "HHPIZZA-BACKEND.csproj", "{DE61568D-99E5-4C8D-8E4E-820D04DA550A}"
EndProject
Global
	GlobalSection(SolutionConfigurationPlatforms) = preSolution
		Debug|Any CPU = Debug|Any CPU
		Release|Any CPU = Release|Any CPU
	EndGlobalSection
	GlobalSection(ProjectConfigurationPlatforms) = postSolution
		{DE61568D-99E5-4C8D-8E4E-820D04DA550A}.Debug|Any CPU.ActiveCfg = Debug|Any CPU
		{DE61568D-99E5-4C8D-8E4E-820D04DA550A}.Debug|Any CPU.Build.0 = Debug|Any CPU
		{DE61568D-99E5-4C8D-8E4E-820D04DA550A}.Release|Any CPU.ActiveCfg = Release|Any CPU
		{DE61568D-99E5-4C8D-8E4E-820D04DA550A}.Release|Any CPU.Build.0 = Release|Any CPU
	EndGlobalSection
	GlobalSection(SolutionProperties) = preSolution
		HideSolutionNode = FALSE
	EndGlobalSection
	GlobalSection(ExtensibilityGlobals) = postSolution
		SolutionGuid = {EDFCE936-33D3-4D52-8858-ECB37168AFF8}
	EndGlobalSection
EndGlobal
